
Microsoft Visual Studio Solution File, Format Version 12.00
# Visual Studio 15
VisualStudioVersion = 15.0.27130.2027
MinimumVisualStudioVersion = 10.0.40219.1
Project("{2150E333-8FDC-42A3-9474-1A3956D46DE8}") = "Core", "Core", "{3A61D363-A8ED-4A0A-8183-53B8B8E63EC3}"
EndProject
Project("{2150E333-8FDC-42A3-9474-1A3956D46DE8}") = "Infrastructure", "Infrastructure", "{C1C30684-2D99-440F-A14F-66649AC4EBCF}"
EndProject
Project("{2150E333-8FDC-42A3-9474-1A3956D46DE8}") = "UI", "UI", "{CC089854-BCFF-4B02-A6C2-A40C8ABE8794}"
EndProject
Project("{2150E333-8FDC-42A3-9474-1A3956D46DE8}") = "Tests", "Tests", "{69A98796-278E-4911-8712-8B8009139F21}"
EndProject
Project("{FAE04EC0-301F-11D3-BF4B-00C04F79EFBC}") = "Logic", "Logic\Logic.csproj", "{09C4B4F0-CDD3-4D90-B796-FE386C59D930}"
EndProject
Project("{FAE04EC0-301F-11D3-BF4B-00C04F79EFBC}") = "Utilities", "Utilities\Utilities.csproj", "{5C5A6EC6-F912-43BE-9793-61B9309183FE}"
EndProject
Project("{FAE04EC0-301F-11D3-BF4B-00C04F79EFBC}") = "CAD", "CAD\CAD.csproj", "{9AB0E99F-A64B-4ABE-8F77-251BA5969573}"
EndProject
Project("{FAE04EC0-301F-11D3-BF4B-00C04F79EFBC}") = "Data", "Data\Data.csproj", "{3F949442-BBCD-4D4C-84A7-EE92A1235D16}"
EndProject
Project("{FAE04EC0-301F-11D3-BF4B-00C04F79EFBC}") = "Presentation", "Presentation\Presentation.csproj", "{BDBE098A-8189-4825-94FC-CB0A4C0BA53E}"
EndProject
Project("{FAE04EC0-301F-11D3-BF4B-00C04F79EFBC}") = "UnitTest", "UnitTest\UnitTest.csproj", "{372E258E-2ADA-43A1-94A9-33E9EA1D4C1E}"
EndProject
Project("{FAE04EC0-301F-11D3-BF4B-00C04F79EFBC}") = "IntegrationTest", "IntegrationTest\IntegrationTest.csproj", "{9DDC15D7-FF0E-4207-918B-D84058CBD69C}"
EndProject
Global
	GlobalSection(SolutionConfigurationPlatforms) = preSolution
		Debug|Any CPU = Debug|Any CPU
		Release|Any CPU = Release|Any CPU
	EndGlobalSection
	GlobalSection(ProjectConfigurationPlatforms) = postSolution
		{09C4B4F0-CDD3-4D90-B796-FE386C59D930}.Debug|Any CPU.ActiveCfg = Debug|Any CPU
		{09C4B4F0-CDD3-4D90-B796-FE386C59D930}.Debug|Any CPU.Build.0 = Debug|Any CPU
		{09C4B4F0-CDD3-4D90-B796-FE386C59D930}.Release|Any CPU.ActiveCfg = Release|Any CPU
		{09C4B4F0-CDD3-4D90-B796-FE386C59D930}.Release|Any CPU.Build.0 = Release|Any CPU
		{5C5A6EC6-F912-43BE-9793-61B9309183FE}.Debug|Any CPU.ActiveCfg = Debug|Any CPU
		{5C5A6EC6-F912-43BE-9793-61B9309183FE}.Debug|Any CPU.Build.0 = Debug|Any CPU
		{5C5A6EC6-F912-43BE-9793-61B9309183FE}.Release|Any CPU.ActiveCfg = Release|Any CPU
		{5C5A6EC6-F912-43BE-9793-61B9309183FE}.Release|Any CPU.Build.0 = Release|Any CPU
		{9AB0E99F-A64B-4ABE-8F77-251BA5969573}.Debug|Any CPU.ActiveCfg = Debug|Any CPU
		{9AB0E99F-A64B-4ABE-8F77-251BA5969573}.Debug|Any CPU.Build.0 = Debug|Any CPU
		{9AB0E99F-A64B-4ABE-8F77-251BA5969573}.Release|Any CPU.ActiveCfg = Release|Any CPU
		{9AB0E99F-A64B-4ABE-8F77-251BA5969573}.Release|Any CPU.Build.0 = Release|Any CPU
		{3F949442-BBCD-4D4C-84A7-EE92A1235D16}.Debug|Any CPU.ActiveCfg = Debug|Any CPU
		{3F949442-BBCD-4D4C-84A7-EE92A1235D16}.Debug|Any CPU.Build.0 = Debug|Any CPU
		{3F949442-BBCD-4D4C-84A7-EE92A1235D16}.Release|Any CPU.ActiveCfg = Release|Any CPU
		{3F949442-BBCD-4D4C-84A7-EE92A1235D16}.Release|Any CPU.Build.0 = Release|Any CPU
		{BDBE098A-8189-4825-94FC-CB0A4C0BA53E}.Debug|Any CPU.ActiveCfg = Debug|Any CPU
		{BDBE098A-8189-4825-94FC-CB0A4C0BA53E}.Debug|Any CPU.Build.0 = Debug|Any CPU
		{BDBE098A-8189-4825-94FC-CB0A4C0BA53E}.Release|Any CPU.ActiveCfg = Release|Any CPU
		{BDBE098A-8189-4825-94FC-CB0A4C0BA53E}.Release|Any CPU.Build.0 = Release|Any CPU
		{372E258E-2ADA-43A1-94A9-33E9EA1D4C1E}.Debug|Any CPU.ActiveCfg = Debug|Any CPU
		{372E258E-2ADA-43A1-94A9-33E9EA1D4C1E}.Debug|Any CPU.Build.0 = Debug|Any CPU
		{372E258E-2ADA-43A1-94A9-33E9EA1D4C1E}.Release|Any CPU.ActiveCfg = Release|Any CPU
		{372E258E-2ADA-43A1-94A9-33E9EA1D4C1E}.Release|Any CPU.Build.0 = Release|Any CPU
		{9DDC15D7-FF0E-4207-918B-D84058CBD69C}.Debug|Any CPU.ActiveCfg = Debug|Any CPU
		{9DDC15D7-FF0E-4207-918B-D84058CBD69C}.Debug|Any CPU.Build.0 = Debug|Any CPU
		{9DDC15D7-FF0E-4207-918B-D84058CBD69C}.Release|Any CPU.ActiveCfg = Release|Any CPU
		{9DDC15D7-FF0E-4207-918B-D84058CBD69C}.Release|Any CPU.Build.0 = Release|Any CPU
	EndGlobalSection
	GlobalSection(SolutionProperties) = preSolution
		HideSolutionNode = FALSE
	EndGlobalSection
	GlobalSection(NestedProjects) = preSolution
		{09C4B4F0-CDD3-4D90-B796-FE386C59D930} = {3A61D363-A8ED-4A0A-8183-53B8B8E63EC3}
		{5C5A6EC6-F912-43BE-9793-61B9309183FE} = {3A61D363-A8ED-4A0A-8183-53B8B8E63EC3}
		{9AB0E99F-A64B-4ABE-8F77-251BA5969573} = {C1C30684-2D99-440F-A14F-66649AC4EBCF}
		{3F949442-BBCD-4D4C-84A7-EE92A1235D16} = {C1C30684-2D99-440F-A14F-66649AC4EBCF}
		{BDBE098A-8189-4825-94FC-CB0A4C0BA53E} = {CC089854-BCFF-4B02-A6C2-A40C8ABE8794}
		{372E258E-2ADA-43A1-94A9-33E9EA1D4C1E} = {69A98796-278E-4911-8712-8B8009139F21}
		{9DDC15D7-FF0E-4207-918B-D84058CBD69C} = {69A98796-278E-4911-8712-8B8009139F21}
	EndGlobalSection
	GlobalSection(ExtensibilityGlobals) = postSolution
		SolutionGuid = {55954027-7F32-444A-B59C-D22B9DA04134}
	EndGlobalSection
EndGlobal
